{
    "_meta": {
        "hash": {
            "sha256": "d7e654eca644b8ea00f36b52de373e6eaaf318a2c4dbdc53fdaeff5087a343f0"
        },
        "pipfile-spec": 1,
        "requires": {
            "boto3": "1.4.7",
            "python_version": "3.6"
        },
        "sources": [
            {
                "url": "https://pypi.python.org/simple",
                "verify_ssl": true
            }
        ]
    },
    "default": {
        "boto3": {
            "version": "==1.4.7"
        },
        "botocore": {
            "version": "==1.7.3"
        },
        "certifi": {
            "version": "==2017.7.27.1"
        },
        "chardet": {
            "version": "==3.0.4"
        },
        "dj-database-url": {
            "version": "==0.4.2"
        },
        "django": {
            "version": "==1.11.4"
        },
        "docutils": {
            "version": "==0.14"
        },
        "gunicorn": {
            "version": "==19.7.1"
        },
        "idna": {
            "version": "==2.6"
        },
        "jmespath": {
            "version": "==0.9.3"
        },
        "psycopg2": {
            "version": "==2.7.3.1"
        },
        "python-dateutil": {
            "version": "==2.6.1"
        },
        "pytz": {
            "version": "==2017.2"
        },
        "requests": {
            "version": "==2.18.4"
        },
        "s3transfer": {
            "version": "==0.1.11"
        },
        "six": {
            "version": "==1.10.0"
        },
        "urllib3": {
            "version": "==1.22"
        },
        "whitenoise": {
            "version": "==3.3.0"
        }
    },
    "develop": {}
}
